
Microsoft Visual Studio Solution File, Format Version 12.00
# Visual Studio 14
VisualStudioVersion = 14.0.24720.0
MinimumVisualStudioVersion = 10.0.40219.1
Project("{8BC9CEB8-8B4A-11D0-8D11-00A0C91BC942}") = "SandboxGame", "SandboxGame.vcxproj", "{8701E3AC-0F40-4F82-92FA-519927EB0371}"
	ProjectSection(ProjectDependencies) = postProject
		{3D9E9762-9388-4001-9190-A7AD7F901B9A} = {3D9E9762-9388-4001-9190-A7AD7F901B9A}
	EndProjectSection
EndProject
Project("{8BC9CEB8-8B4A-11D0-8D11-00A0C91BC942}") = "Engine", "..\Engine\Engine.vcxproj", "{3D9E9762-9388-4001-9190-A7AD7F901B9A}"
EndProject
Project("{8BC9CEB8-8B4A-11D0-8D11-00A0C91BC942}") = "EngineTester", "..\EngineTester\EngineTester.vcxproj", "{665CE8C2-CDB9-4409-9762-0BD9A1A0DF37}"
	ProjectSection(ProjectDependencies) = postProject
		{3D9E9762-9388-4001-9190-A7AD7F901B9A} = {3D9E9762-9388-4001-9190-A7AD7F901B9A}
	EndProjectSection
EndProject
Global
	GlobalSection(SolutionConfigurationPlatforms) = preSolution
		Debug|x64 = Debug|x64
		Debug|x86 = Debug|x86
		Release|x64 = Release|x64
		Release|x86 = Release|x86
	EndGlobalSection
	GlobalSection(ProjectConfigurationPlatforms) = postSolution
		{8701E3AC-0F40-4F82-92FA-519927EB0371}.Debug|x64.ActiveCfg = Debug|x64
		{8701E3AC-0F40-4F82-92FA-519927EB0371}.Debug|x64.Build.0 = Debug|x64
		{8701E3AC-0F40-4F82-92FA-519927EB0371}.Debug|x86.ActiveCfg = Debug|Win32
		{8701E3AC-0F40-4F82-92FA-519927EB0371}.Debug|x86.Build.0 = Debug|Win32
		{8701E3AC-0F40-4F82-92FA-519927EB0371}.Release|x64.ActiveCfg = Release|x64
		{8701E3AC-0F40-4F82-92FA-519927EB0371}.Release|x64.Build.0 = Release|x64
		{8701E3AC-0F40-4F82-92FA-519927EB0371}.Release|x86.ActiveCfg = Release|Win32
		{8701E3AC-0F40-4F82-92FA-519927EB0371}.Release|x86.Build.0 = Release|Win32
		{3D9E9762-9388-4001-9190-A7AD7F901B9A}.Debug|x64.ActiveCfg = Debug|x64
		{3D9E9762-9388-4001-9190-A7AD7F901B9A}.Debug|x64.Build.0 = Debug|x64
		{3D9E9762-9388-4001-9190-A7AD7F901B9A}.Debug|x86.ActiveCfg = Debug|Win32
		{3D9E9762-9388-4001-9190-A7AD7F901B9A}.Debug|x86.Build.0 = Debug|Win32
		{3D9E9762-9388-4001-9190-A7AD7F901B9A}.Release|x64.ActiveCfg = Release|x64
		{3D9E9762-9388-4001-9190-A7AD7F901B9A}.Release|x64.Build.0 = Release|x64
		{3D9E9762-9388-4001-9190-A7AD7F901B9A}.Release|x86.ActiveCfg = Release|Win32
		{3D9E9762-9388-4001-9190-A7AD7F901B9A}.Release|x86.Build.0 = Release|Win32
		{665CE8C2-CDB9-4409-9762-0BD9A1A0DF37}.Debug|x64.ActiveCfg = Debug|x64
		{665CE8C2-CDB9-4409-9762-0BD9A1A0DF37}.Debug|x64.Build.0 = Debug|x64
		{665CE8C2-CDB9-4409-9762-0BD9A1A0DF37}.Debug|x86.ActiveCfg = Debug|Win32
		{665CE8C2-CDB9-4409-9762-0BD9A1A0DF37}.Debug|x86.Build.0 = Debug|Win32
		{665CE8C2-CDB9-4409-9762-0BD9A1A0DF37}.Release|x64.ActiveCfg = Release|x64
		{665CE8C2-CDB9-4409-9762-0BD9A1A0DF37}.Release|x64.Build.0 = Release|x64
		{665CE8C2-CDB9-4409-9762-0BD9A1A0DF37}.Release|x86.ActiveCfg = Release|Win32
		{665CE8C2-CDB9-4409-9762-0BD9A1A0DF37}.Release|x86.Build.0 = Release|Win32
	EndGlobalSection
	GlobalSection(SolutionProperties) = preSolution
		HideSolutionNode = FALSE
	EndGlobalSection
EndGlobal
